
Microsoft Visual Studio Solution File, Format Version 12.00
# Visual Studio Version 17
VisualStudioVersion = 17.7.34221.43
MinimumVisualStudioVersion = 10.0.40219.1
Project("{FAE04EC0-301F-11D3-BF4B-00C04F79EFBC}") = "t_helper", "t_helper.csproj", "{55A577EB-7342-40D7-90B2-BFFC28B13D1D}"
EndProject
Global
	GlobalSection(SolutionConfigurationPlatforms) = preSolution
		Debug|Any CPU = Debug|Any CPU
		Release|Any CPU = Release|Any CPU
	EndGlobalSection
	GlobalSection(ProjectConfigurationPlatforms) = postSolution
		{55A577EB-7342-40D7-90B2-BFFC28B13D1D}.Debug|Any CPU.ActiveCfg = Debug|Any CPU
		{55A577EB-7342-40D7-90B2-BFFC28B13D1D}.Debug|Any CPU.Build.0 = Debug|Any CPU
		{55A577EB-7342-40D7-90B2-BFFC28B13D1D}.Release|Any CPU.ActiveCfg = Release|Any CPU
		{55A577EB-7342-40D7-90B2-BFFC28B13D1D}.Release|Any CPU.Build.0 = Release|Any CPU
	EndGlobalSection
	GlobalSection(SolutionProperties) = preSolution
		HideSolutionNode = FALSE
	EndGlobalSection
	GlobalSection(ExtensibilityGlobals) = postSolution
		SolutionGuid = {06957983-6746-49BE-B20E-14DC5E6D052A}
	EndGlobalSection
EndGlobal
